// !$*UTF8*$!
{
	archiveVersion = 1;
	classes = {
	};
	objectVersion = 48;
	objects = {

/* Begin PBXBuildFile section */
		2DA655CC1F1FFD68004684F8 /* AppDelegate.swift in Sources */ = {isa = PBXBuildFile; fileRef = 2DA655CB1F1FFD68004684F8 /* AppDelegate.swift */; };
		2DA655CE1F1FFD69004684F8 /* BillViewController.swift in Sources */ = {isa = PBXBuildFile; fileRef = 2DA655CD1F1FFD69004684F8 /* BillViewController.swift */; };
		2DA655D11F1FFD69004684F8 /* Main.storyboard in Resources */ = {isa = PBXBuildFile; fileRef = 2DA655CF1F1FFD69004684F8 /* Main.storyboard */; };
		2DA655D31F1FFD69004684F8 /* Assets.xcassets in Resources */ = {isa = PBXBuildFile; fileRef = 2DA655D21F1FFD69004684F8 /* Assets.xcassets */; };
		2DA655D61F1FFD69004684F8 /* LaunchScreen.storyboard in Resources */ = {isa = PBXBuildFile; fileRef = 2DA655D41F1FFD69004684F8 /* LaunchScreen.storyboard */; };
		2DA655DE1F200C4F004684F8 /* Friend.swift in Sources */ = {isa = PBXBuildFile; fileRef = 2DA655DD1F200C4F004684F8 /* Friend.swift */; };
		2DA655E01F200F91004684F8 /* PartyViewController.swift in Sources */ = {isa = PBXBuildFile; fileRef = 2DA655DF1F200F91004684F8 /* PartyViewController.swift */; };
		2DB3A2901F20419B008ADBBB /* SettingViewController.swift in Sources */ = {isa = PBXBuildFile; fileRef = 2DB3A28F1F20419B008ADBBB /* SettingViewController.swift */; };
		2DB3A2921F2043A0008ADBBB /* LocalSettings.swift in Sources */ = {isa = PBXBuildFile; fileRef = 2DB3A2911F2043A0008ADBBB /* LocalSettings.swift */; };
		2DB3A2941F207772008ADBBB /* TipViewController.swift in Sources */ = {isa = PBXBuildFile; fileRef = 2DB3A2931F207772008ADBBB /* TipViewController.swift */; };
		2DBC4FA21F2150B100D26995 /* Bill.swift in Sources */ = {isa = PBXBuildFile; fileRef = 2DBC4FA11F2150B100D26995 /* Bill.swift */; };
		2DC6E4941F20292400FCD564 /* FriendTableViewCell.swift in Sources */ = {isa = PBXBuildFile; fileRef = 2DC6E4931F20292400FCD564 /* FriendTableViewCell.swift */; };
		2DC6E4961F202C6A00FCD564 /* FriendDetailViewController.swift in Sources */ = {isa = PBXBuildFile; fileRef = 2DC6E4951F202C6A00FCD564 /* FriendDetailViewController.swift */; };
		2DC6E4981F202CDE00FCD564 /* TipCalculatorNavigationController.swift in Sources */ = {isa = PBXBuildFile; fileRef = 2DC6E4971F202CDE00FCD564 /* TipCalculatorNavigationController.swift */; };
/* End PBXBuildFile section */

/* Begin PBXFileReference section */
		2DA655C81F1FFD68004684F8 /* tipCalculator.app */ = {isa = PBXFileReference; explicitFileType = wrapper.application; includeInIndex = 0; path = tipCalculator.app; sourceTree = BUILT_PRODUCTS_DIR; };
		2DA655CB1F1FFD68004684F8 /* AppDelegate.swift */ = {isa = PBXFileReference; lastKnownFileType = sourcecode.swift; path = AppDelegate.swift; sourceTree = "<group>"; };
		2DA655CD1F1FFD69004684F8 /* BillViewController.swift */ = {isa = PBXFileReference; lastKnownFileType = sourcecode.swift; path = BillViewController.swift; sourceTree = "<group>"; };
		2DA655D01F1FFD69004684F8 /* Base */ = {isa = PBXFileReference; lastKnownFileType = file.storyboard; name = Base; path = Base.lproj/Main.storyboard; sourceTree = "<group>"; };
		2DA655D21F1FFD69004684F8 /* Assets.xcassets */ = {isa = PBXFileReference; lastKnownFileType = folder.assetcatalog; path = Assets.xcassets; sourceTree = "<group>"; };
		2DA655D51F1FFD69004684F8 /* Base */ = {isa = PBXFileReference; lastKnownFileType = file.storyboard; name = Base; path = Base.lproj/LaunchScreen.storyboard; sourceTree = "<group>"; };
		2DA655D71F1FFD69004684F8 /* Info.plist */ = {isa = PBXFileReference; lastKnownFileType = text.plist.xml; path = Info.plist; sourceTree = "<group>"; };
		2DA655DD1F200C4F004684F8 /* Friend.swift */ = {isa = PBXFileReference; fileEncoding = 4; lastKnownFileType = sourcecode.swift; path = Friend.swift; sourceTree = "<group>"; };
		2DA655DF1F200F91004684F8 /* PartyViewController.swift */ = {isa = PBXFileReference; lastKnownFileType = sourcecode.swift; path = PartyViewController.swift; sourceTree = "<group>"; };
		2DB3A28F1F20419B008ADBBB /* SettingViewController.swift */ = {isa = PBXFileReference; lastKnownFileType = sourcecode.swift; path = SettingViewController.swift; sourceTree = "<group>"; };
		2DB3A2911F2043A0008ADBBB /* LocalSettings.swift */ = {isa = PBXFileReference; lastKnownFileType = sourcecode.swift; path = LocalSettings.swift; sourceTree = "<group>"; };
		2DB3A2931F207772008ADBBB /* TipViewController.swift */ = {isa = PBXFileReference; lastKnownFileType = sourcecode.swift; path = TipViewController.swift; sourceTree = "<group>"; };
		2DBC4FA11F2150B100D26995 /* Bill.swift */ = {isa = PBXFileReference; lastKnownFileType = sourcecode.swift; path = Bill.swift; sourceTree = "<group>"; };
		2DC6E4931F20292400FCD564 /* FriendTableViewCell.swift */ = {isa = PBXFileReference; lastKnownFileType = sourcecode.swift; path = FriendTableViewCell.swift; sourceTree = "<group>"; };
		2DC6E4951F202C6A00FCD564 /* FriendDetailViewController.swift */ = {isa = PBXFileReference; lastKnownFileType = sourcecode.swift; path = FriendDetailViewController.swift; sourceTree = "<group>"; };
		2DC6E4971F202CDE00FCD564 /* TipCalculatorNavigationController.swift */ = {isa = PBXFileReference; lastKnownFileType = sourcecode.swift; path = TipCalculatorNavigationController.swift; sourceTree = "<group>"; };
/* End PBXFileReference section */

/* Begin PBXFrameworksBuildPhase section */
		2DA655C51F1FFD68004684F8 /* Frameworks */ = {
			isa = PBXFrameworksBuildPhase;
			buildActionMask = 2147483647;
			files = (
			);
			runOnlyForDeploymentPostprocessing = 0;
		};
/* End PBXFrameworksBuildPhase section */

/* Begin PBXGroup section */
		2DA655BF1F1FFD68004684F8 = {
			isa = PBXGroup;
			children = (
				2DA655CA1F1FFD68004684F8 /* tipCalculator */,
				2DA655C91F1FFD68004684F8 /* Products */,
			);
			sourceTree = "<group>";
		};
		2DA655C91F1FFD68004684F8 /* Products */ = {
			isa = PBXGroup;
			children = (
				2DA655C81F1FFD68004684F8 /* tipCalculator.app */,
			);
			name = Products;
			sourceTree = "<group>";
		};
		2DA655CA1F1FFD68004684F8 /* tipCalculator */ = {
			isa = PBXGroup;
			children = (
				2DC6E4971F202CDE00FCD564 /* TipCalculatorNavigationController.swift */,
				2DA655CB1F1FFD68004684F8 /* AppDelegate.swift */,
				2DA655CD1F1FFD69004684F8 /* BillViewController.swift */,
				2DA655CF1F1FFD69004684F8 /* Main.storyboard */,
				2DBC4FA11F2150B100D26995 /* Bill.swift */,
				2DB3A2931F207772008ADBBB /* TipViewController.swift */,
				2DB3A28F1F20419B008ADBBB /* SettingViewController.swift */,
				2DB3A2911F2043A0008ADBBB /* LocalSettings.swift */,
				2DC6E4951F202C6A00FCD564 /* FriendDetailViewController.swift */,
				2DC6E4931F20292400FCD564 /* FriendTableViewCell.swift */,
				2DA655DF1F200F91004684F8 /* PartyViewController.swift */,
				2DA655DD1F200C4F004684F8 /* Friend.swift */,
				2DA655D21F1FFD69004684F8 /* Assets.xcassets */,
				2DA655D41F1FFD69004684F8 /* LaunchScreen.storyboard */,
				2DA655D71F1FFD69004684F8 /* Info.plist */,
			);
			path = tipCalculator;
			sourceTree = "<group>";
		};
/* End PBXGroup section */

/* Begin PBXNativeTarget section */
		2DA655C71F1FFD68004684F8 /* tipCalculator */ = {
			isa = PBXNativeTarget;
			buildConfigurationList = 2DA655DA1F1FFD69004684F8 /* Build configuration list for PBXNativeTarget "tipCalculator" */;
			buildPhases = (
				2DA655C41F1FFD68004684F8 /* Sources */,
				2DA655C51F1FFD68004684F8 /* Frameworks */,
				2DA655C61F1FFD68004684F8 /* Resources */,
			);
			buildRules = (
			);
			dependencies = (
			);
			name = tipCalculator;
			productName = tipCalculator;
			productReference = 2DA655C81F1FFD68004684F8 /* tipCalculator.app */;
			productType = "com.apple.product-type.application";
		};
/* End PBXNativeTarget section */

/* Begin PBXProject section */
		2DA655C01F1FFD68004684F8 /* Project object */ = {
			isa = PBXProject;
			attributes = {
				LastSwiftUpdateCheck = 0900;
				LastUpgradeCheck = 0900;
				ORGANIZATIONNAME = kitsunebokkusu;
				TargetAttributes = {
					2DA655C71F1FFD68004684F8 = {
						CreatedOnToolsVersion = 9.0;
					};
				};
			};
			buildConfigurationList = 2DA655C31F1FFD68004684F8 /* Build configuration list for PBXProject "tipCalculator" */;
			compatibilityVersion = "Xcode 8.0";
			developmentRegion = en;
			hasScannedForEncodings = 0;
			knownRegions = (
				en,
				Base,
			);
			mainGroup = 2DA655BF1F1FFD68004684F8;
			productRefGroup = 2DA655C91F1FFD68004684F8 /* Products */;
			projectDirPath = "";
			projectRoot = "";
			targets = (
				2DA655C71F1FFD68004684F8 /* tipCalculator */,
			);
		};
/* End PBXProject section */

/* Begin PBXResourcesBuildPhase section */
		2DA655C61F1FFD68004684F8 /* Resources */ = {
			isa = PBXResourcesBuildPhase;
			buildActionMask = 2147483647;
			files = (
				2DA655D61F1FFD69004684F8 /* LaunchScreen.storyboard in Resources */,
				2DA655D31F1FFD69004684F8 /* Assets.xcassets in Resources */,
				2DA655D11F1FFD69004684F8 /* Main.storyboard in Resources */,
			);
			runOnlyForDeploymentPostprocessing = 0;
		};
/* End PBXResourcesBuildPhase section */

/* Begin PBXSourcesBuildPhase section */
		2DA655C41F1FFD68004684F8 /* Sources */ = {
			isa = PBXSourcesBuildPhase;
			buildActionMask = 2147483647;
			files = (
				2DA655DE1F200C4F004684F8 /* Friend.swift in Sources */,
				2DBC4FA21F2150B100D26995 /* Bill.swift in Sources */,
				2DA655CE1F1FFD69004684F8 /* BillViewController.swift in Sources */,
				2DC6E4961F202C6A00FCD564 /* FriendDetailViewController.swift in Sources */,
				2DB3A2901F20419B008ADBBB /* SettingViewController.swift in Sources */,
				2DC6E4981F202CDE00FCD564 /* TipCalculatorNavigationController.swift in Sources */,
				2DC6E4941F20292400FCD564 /* FriendTableViewCell.swift in Sources */,
				2DA655CC1F1FFD68004684F8 /* AppDelegate.swift in Sources */,
				2DA655E01F200F91004684F8 /* PartyViewController.swift in Sources */,
				2DB3A2941F207772008ADBBB /* TipViewController.swift in Sources */,
				2DB3A2921F2043A0008ADBBB /* LocalSettings.swift in Sources */,
			);
			runOnlyForDeploymentPostprocessing = 0;
		};
/* End PBXSourcesBuildPhase section */

/* Begin PBXVariantGroup section */
		2DA655CF1F1FFD69004684F8 /* Main.storyboard */ = {
			isa = PBXVariantGroup;
			children = (
				2DA655D01F1FFD69004684F8 /* Base */,
			);
			name = Main.storyboard;
			sourceTree = "<group>";
		};
		2DA655D41F1FFD69004684F8 /* LaunchScreen.storyboard */ = {
			isa = PBXVariantGroup;
			children = (
				2DA655D51F1FFD69004684F8 /* Base */,
			);
			name = LaunchScreen.storyboard;
			sourceTree = "<group>";
		};
/* End PBXVariantGroup section */

/* Begin XCBuildConfiguration section */
		2DA655D81F1FFD69004684F8 /* Debug */ = {
			isa = XCBuildConfiguration;
			buildSettings = {
				ALWAYS_SEARCH_USER_PATHS = NO;
				CLANG_ANALYZER_NONNULL = YES;
				CLANG_ANALYZER_NUMBER_OBJECT_CONVERSION = YES_AGGRESSIVE;
				CLANG_CXX_LANGUAGE_STANDARD = "gnu++14";
				CLANG_CXX_LIBRARY = "libc++";
				CLANG_ENABLE_MODULES = YES;
				CLANG_ENABLE_OBJC_ARC = YES;
				CLANG_WARN_BLOCK_CAPTURE_AUTORELEASING = YES;
				CLANG_WARN_BOOL_CONVERSION = YES;
				CLANG_WARN_COMMA = YES;
				CLANG_WARN_CONSTANT_CONVERSION = YES;
				CLANG_WARN_DIRECT_OBJC_ISA_USAGE = YES_ERROR;
				CLANG_WARN_DOCUMENTATION_COMMENTS = YES;
				CLANG_WARN_EMPTY_BODY = YES;
				CLANG_WARN_ENUM_CONVERSION = YES;
				CLANG_WARN_INFINITE_RECURSION = YES;
				CLANG_WARN_INT_CONVERSION = YES;
				CLANG_WARN_OBJC_ROOT_CLASS = YES_ERROR;
				CLANG_WARN_RANGE_LOOP_ANALYSIS = YES;
				CLANG_WARN_STRICT_PROTOTYPES = YES;
				CLANG_WARN_SUSPICIOUS_MOVE = YES;
				CLANG_WARN_UNGUARDED_AVAILABILITY = YES_AGGRESSIVE;
				CLANG_WARN_UNREACHABLE_CODE = YES;
				CLANG_WARN__DUPLICATE_METHOD_MATCH = YES;
				CODE_SIGN_IDENTITY = "iPhone Developer";
				COPY_PHASE_STRIP = NO;
				DEBUG_INFORMATION_FORMAT = dwarf;
				ENABLE_STRICT_OBJC_MSGSEND = YES;
				ENABLE_TESTABILITY = YES;
				GCC_C_LANGUAGE_STANDARD = gnu11;
				GCC_DYNAMIC_NO_PIC = NO;
				GCC_NO_COMMON_BLOCKS = YES;
				GCC_OPTIMIZATION_LEVEL = 0;
				GCC_PREPROCESSOR_DEFINITIONS = (
					"DEBUG=1",
					"$(inherited)",
				);
				GCC_WARN_64_TO_32_BIT_CONVERSION = YES;
				GCC_WARN_ABOUT_RETURN_TYPE = YES_ERROR;
				GCC_WARN_UNDECLARED_SELECTOR = YES;
				GCC_WARN_UNINITIALIZED_AUTOS = YES_AGGRESSIVE;
				GCC_WARN_UNUSED_FUNCTION = YES;
				GCC_WARN_UNUSED_VARIABLE = YES;
				IPHONEOS_DEPLOYMENT_TARGET = 11.0;
				MTL_ENABLE_DEBUG_INFO = YES;
				ONLY_ACTIVE_ARCH = YES;
				SDKROOT = iphoneos;
				SWIFT_ACTIVE_COMPILATION_CONDITIONS = DEBUG;
				SWIFT_OPTIMIZATION_LEVEL = "-Onone";
			};
			name = Debug;
		};
		2DA655D91F1FFD69004684F8 /* Release */ = {
			isa = XCBuildConfiguration;
			buildSettings = {
				ALWAYS_SEARCH_USER_PATHS = NO;
				CLANG_ANALYZER_NONNULL = YES;
				CLANG_ANALYZER_NUMBER_OBJECT_CONVERSION = YES_AGGRESSIVE;
				CLANG_CXX_LANGUAGE_STANDARD = "gnu++14";
				CLANG_CXX_LIBRARY = "libc++";
				CLANG_ENABLE_MODULES = YES;
				CLANG_ENABLE_OBJC_ARC = YES;
				CLANG_WARN_BLOCK_CAPTURE_AUTORELEASING = YES;
				CLANG_WARN_BOOL_CONVERSION = YES;
				CLANG_WARN_COMMA = YES;
				CLANG_WARN_CONSTANT_CONVERSION = YES;
				CLANG_WARN_DIRECT_OBJC_ISA_USAGE = YES_ERROR;
				CLANG_WARN_DOCUMENTATION_COMMENTS = YES;
				CLANG_WARN_EMPTY_BODY = YES;
				CLANG_WARN_ENUM_CONVERSION = YES;
				CLANG_WARN_INFINITE_RECURSION = YES;
				CLANG_WARN_INT_CONVERSION = YES;
				CLANG_WARN_OBJC_ROOT_CLASS = YES_ERROR;
				CLANG_WARN_RANGE_LOOP_ANALYSIS = YES;
				CLANG_WARN_STRICT_PROTOTYPES = YES;
				CLANG_WARN_SUSPICIOUS_MOVE = YES;
				CLANG_WARN_UNGUARDED_AVAILABILITY = YES_AGGRESSIVE;
				CLANG_WARN_UNREACHABLE_CODE = YES;
				CLANG_WARN__DUPLICATE_METHOD_MATCH = YES;
				CODE_SIGN_IDENTITY = "iPhone Developer";
				COPY_PHASE_STRIP = NO;
				DEBUG_INFORMATION_FORMAT = "dwarf-with-dsym";
				ENABLE_NS_ASSERTIONS = NO;
				ENABLE_STRICT_OBJC_MSGSEND = YES;
				GCC_C_LANGUAGE_STANDARD = gnu11;
				GCC_NO_COMMON_BLOCKS = YES;
				GCC_WARN_64_TO_32_BIT_CONVERSION = YES;
				GCC_WARN_ABOUT_RETURN_TYPE = YES_ERROR;
				GCC_WARN_UNDECLARED_SELECTOR = YES;
				GCC_WARN_UNINITIALIZED_AUTOS = YES_AGGRESSIVE;
				GCC_WARN_UNUSED_FUNCTION = YES;
				GCC_WARN_UNUSED_VARIABLE = YES;
				IPHONEOS_DEPLOYMENT_TARGET = 11.0;
				MTL_ENABLE_DEBUG_INFO = NO;
				SDKROOT = iphoneos;
				SWIFT_OPTIMIZATION_LEVEL = "-Owholemodule";
				VALIDATE_PRODUCT = YES;
			};
			name = Release;
		};
		2DA655DB1F1FFD69004684F8 /* Debug */ = {
			isa = XCBuildConfiguration;
			buildSettings = {
				ASSETCATALOG_COMPILER_APPICON_NAME = AppIcon;
				DEVELOPMENT_TEAM = NZ467R4AR6;
				INFOPLIST_FILE = tipCalculator/Info.plist;
				LD_RUNPATH_SEARCH_PATHS = "$(inherited) @executable_path/Frameworks";
				PRODUCT_BUNDLE_IDENTIFIER = "com.kitsune-bokkusu.tipCalculator";
				PRODUCT_NAME = "$(TARGET_NAME)";
				SWIFT_VERSION = 4.0;
				TARGETED_DEVICE_FAMILY = "1,2";
			};
			name = Debug;
		};
		2DA655DC1F1FFD69004684F8 /* Release */ = {
			isa = XCBuildConfiguration;
			buildSettings = {
				ASSETCATALOG_COMPILER_APPICON_NAME = AppIcon;
				DEVELOPMENT_TEAM = NZ467R4AR6;
				INFOPLIST_FILE = tipCalculator/Info.plist;
				LD_RUNPATH_SEARCH_PATHS = "$(inherited) @executable_path/Frameworks";
				PRODUCT_BUNDLE_IDENTIFIER = "com.kitsune-bokkusu.tipCalculator";
				PRODUCT_NAME = "$(TARGET_NAME)";
				SWIFT_VERSION = 4.0;
				TARGETED_DEVICE_FAMILY = "1,2";
			};
			name = Release;
		};
/* End XCBuildConfiguration section */

/* Begin XCConfigurationList section */
		2DA655C31F1FFD68004684F8 /* Build configuration list for PBXProject "tipCalculator" */ = {
			isa = XCConfigurationList;
			buildConfigurations = (
				2DA655D81F1FFD69004684F8 /* Debug */,
				2DA655D91F1FFD69004684F8 /* Release */,
			);
			defaultConfigurationIsVisible = 0;
			defaultConfigurationName = Release;
		};
		2DA655DA1F1FFD69004684F8 /* Build configuration list for PBXNativeTarget "tipCalculator" */ = {
			isa = XCConfigurationList;
			buildConfigurations = (
				2DA655DB1F1FFD69004684F8 /* Debug */,
				2DA655DC1F1FFD69004684F8 /* Release */,
			);
			defaultConfigurationIsVisible = 0;
			defaultConfigurationName = Release;
		};
/* End XCConfigurationList section */
	};
	rootObject = 2DA655C01F1FFD68004684F8 /* Project object */;
}
